{
  "nodes": {
    "nixpkgs": {
      "locked": {
        "lastModified": 1756266583,
        "narHash": "sha256-cr748nSmpfvnhqSXPiCfUPxRz2FJnvf/RjJGvFfaCsM=",
        "owner": "nixos",
        "repo": "nixpkgs",
        "rev": "8a6d5427d99ec71c64f0b93d45778c889005d9c2",
        "type": "github"
      },
      "original": {
        "owner": "nixos",
        "ref": "nixos-unstable",
        "repo": "nixpkgs",
        "type": "github"
      }
    },
    "root": {
      "inputs": {
        "nixpkgs": "nixpkgs",
        "rugix-src": "rugix-src"
      }
    },
    "rugix-src": {
      "flake": false,
      "locked": {
        "dirtyRev": "fa50d95473732c5076d0fcd3afa1e5ec277a9204-dirty",
        "dirtyShortRev": "fa50d95-dirty",
        "lastModified": 1774198400,
        "narHash": "sha256-CGZdV0ejpu0KExzaTbZbl42RnQCrlTZk1Hj3f/Ckk2Y=",
        "type": "git",
        "url": "file:../rugix"
      },
      "original": {
        "type": "git",
        "url": "file:../rugix"
      }
    }
  },
  "root": "root",
  "version": 7
}
